
Microsoft Visual Studio Solution File, Format Version 12.00
# Visual Studio 15
VisualStudioVersion = 15.0.28010.2046
MinimumVisualStudioVersion = 10.0.40219.1
Project("{F184B08F-C81C-45F6-A57F-5ABD9991F28F}") = "maxcsoGUI", "maxcsoGUI\maxcsoGUI.vbproj", "{9D67C140-EACD-49C7-8659-6426C44E3755}"
EndProject
Global
	GlobalSection(SolutionConfigurationPlatforms) = preSolution
		Debug|Any CPU = Debug|Any CPU
		Release|Any CPU = Release|Any CPU
	EndGlobalSection
	GlobalSection(ProjectConfigurationPlatforms) = postSolution
		{9D67C140-EACD-49C7-8659-6426C44E3755}.Debug|Any CPU.ActiveCfg = Debug|Any CPU
		{9D67C140-EACD-49C7-8659-6426C44E3755}.Debug|Any CPU.Build.0 = Debug|Any CPU
		{9D67C140-EACD-49C7-8659-6426C44E3755}.Release|Any CPU.ActiveCfg = Release|Any CPU
		{9D67C140-EACD-49C7-8659-6426C44E3755}.Release|Any CPU.Build.0 = Release|Any CPU
	EndGlobalSection
	GlobalSection(SolutionProperties) = preSolution
		HideSolutionNode = FALSE
	EndGlobalSection
	GlobalSection(ExtensibilityGlobals) = postSolution
		SolutionGuid = {DB38A5DE-4C91-4395-B3F3-7833F5DAA6D7}
	EndGlobalSection
EndGlobal
